{
    "_meta": {
        "hash": {
            "sha256": "ce1b899e3a32a8d12896de7495b7bf408acdc97a918411a8675e0034858b9f62"
        },
        "pipfile-spec": 6,
        "requires": {
            "python_version": "3.9"
        },
        "sources": [
            {
                "name": "pypi",
                "url": "https://pypi.org/simple",
                "verify_ssl": true
            }
        ]
    },
    "default": {
        "ffmpy3": {
            "hashes": [
                "sha256:092521e5f0e1974a1b4850d0e283d9d893d0b830216ddd2a44c6eaf463f8a365",
                "sha256:fffb1b9e3efc95e94a02b01f29f24ee8177b86329aec8a8af078bf2a42b03094"
            ],
            "index": "pypi",
            "version": "==0.2.4"
        },
        "xlwt": {
            "hashes": [
                "sha256:a082260524678ba48a297d922cc385f58278b8aa68741596a87de01a9c628b2e",
                "sha256:c59912717a9b28f1a3c2a98fd60741014b06b043936dcecbc113eaaada156c88"
            ],
            "index": "pypi",
            "version": "==1.3.0"
        }
    },
    "develop": {}
}
